
Microsoft Visual Studio Solution File, Format Version 12.00
# Visual Studio Version 17
VisualStudioVersion = 17.8.34330.188
MinimumVisualStudioVersion = 10.0.40219.1
Project("{FAE04EC0-301F-11D3-BF4B-00C04F79EFBC}") = "eTicketsAysenur", "eTicketsAysenur\eTicketsAysenur.csproj", "{C81FA272-623D-4164-A6F2-00E4D07AD6E6}"
EndProject
Global
	GlobalSection(SolutionConfigurationPlatforms) = preSolution
		Debug|Any CPU = Debug|Any CPU
		Release|Any CPU = Release|Any CPU
	EndGlobalSection
	GlobalSection(ProjectConfigurationPlatforms) = postSolution
		{C81FA272-623D-4164-A6F2-00E4D07AD6E6}.Debug|Any CPU.ActiveCfg = Debug|Any CPU
		{C81FA272-623D-4164-A6F2-00E4D07AD6E6}.Debug|Any CPU.Build.0 = Debug|Any CPU
		{C81FA272-623D-4164-A6F2-00E4D07AD6E6}.Release|Any CPU.ActiveCfg = Release|Any CPU
		{C81FA272-623D-4164-A6F2-00E4D07AD6E6}.Release|Any CPU.Build.0 = Release|Any CPU
	EndGlobalSection
	GlobalSection(SolutionProperties) = preSolution
		HideSolutionNode = FALSE
	EndGlobalSection
	GlobalSection(ExtensibilityGlobals) = postSolution
		SolutionGuid = {B843AA30-4505-49C5-8A20-A5E803617C97}
	EndGlobalSection
EndGlobal
